
Microsoft Visual Studio Solution File, Format Version 12.00
# Visual Studio Version 16
VisualStudioVersion = 16.0.33130.400
MinimumVisualStudioVersion = 10.0.40219.1
Project("{FAE04EC0-301F-11D3-BF4B-00C04F79EFBC}") = "VibrationCalculatorFormApp", "VibrationCalculatorFormApp\VibrationCalculatorFormApp.csproj", "{FD9B1120-1FCA-4CEE-957D-A76ADACF2CE9}"
EndProject
Global
	GlobalSection(SolutionConfigurationPlatforms) = preSolution
		Debug|Any CPU = Debug|Any CPU
		Release|Any CPU = Release|Any CPU
	EndGlobalSection
	GlobalSection(ProjectConfigurationPlatforms) = postSolution
		{FD9B1120-1FCA-4CEE-957D-A76ADACF2CE9}.Debug|Any CPU.ActiveCfg = Debug|Any CPU
		{FD9B1120-1FCA-4CEE-957D-A76ADACF2CE9}.Debug|Any CPU.Build.0 = Debug|Any CPU
		{FD9B1120-1FCA-4CEE-957D-A76ADACF2CE9}.Release|Any CPU.ActiveCfg = Release|Any CPU
		{FD9B1120-1FCA-4CEE-957D-A76ADACF2CE9}.Release|Any CPU.Build.0 = Release|Any CPU
	EndGlobalSection
	GlobalSection(SolutionProperties) = preSolution
		HideSolutionNode = FALSE
	EndGlobalSection
	GlobalSection(ExtensibilityGlobals) = postSolution
		SolutionGuid = {4A1FDA04-30C9-4704-AE24-E7DF59F29FD5}
	EndGlobalSection
EndGlobal
